version = 1
revision = 3
requires-python = ">=3.14"

[[package]]
name = "awscli"
version = "2.35.1"
source = { git = "https://github.com/aws/aws-cli?rev=v2#9830ee834046fc1f98b692b2a969d8af0bba1593" }
dependencies = [
    { name = "awscrt" },
    { name = "colorama" },
    { name = "distro" },
    { name = "docutils" },
    { name = "jmespath" },
    { name = "prompt-toolkit" },
    { name = "python-dateutil" },
    { name = "ruamel-yaml" },
    { name = "ruamel-yaml-clib" },
    { name = "urllib3" },
    { name = "wcwidth" },
]

[[package]]
name = "awscrt"
version = "0.32.2"
source = { registry = "https://pypi.org/simple" }
sdist = { url = "https://files.pythonhosted.org/packages/92/cb/980fe60c4209af71d036276217f8b9f372f958e290c15d2849a3de4dcd23/awscrt-0.32.2.tar.gz", hash = "sha256:a4f48805e8a66237923f03b7b692d213994cff42d1ff08125d1d60c74fcaf872", size = 36862073, upload-time = "2026-04-24T22:59:55.835Z" }
wheels = [
    { url = "https://files.pythonhosted.org/packages/03/99/a6c712a2f638c766b0879da0eacd9fe5695c64deb89c0357bcc4f1f4df9b/awscrt-0.32.2-cp311-abi3-macosx_10_15_universal2.whl", hash = "sha256:32785f54d0786e07b6491b51f9c2f75ea9e17decd39bb6b66fdc60cd871a49ef", size = 3406247, upload-time = "2026-04-24T22:58:46.268Z" },
    { url = "https://files.pythonhosted.org/packages/a7/03/665c81f3b9d3c56fcdfb8f353c22501bc538d192c431cfaaf307f867d404/awscrt-0.32.2-cp311-abi3-manylinux2014_aarch64.manylinux_2_17_aarch64.whl", hash = "sha256:f8a586c52f41ff14c2f1b8afeb764e231ad3d66acfd42a6b9fb6c8afd8da8fe2", size = 3906890, upload-time = "2026-04-24T22:58:47.96Z" },
    { url = "https://files.pythonhosted.org/packages/31/ad/5db0691a0c72d55a17c03c47149cf15d4602b83b470355c322c9a7f115e8/awscrt-0.32.2-cp311-abi3-manylinux2014_x86_64.manylinux_2_17_x86_64.whl", hash = "sha256:3ef1664588d35dcad2115377120667e689cd7a517da52a481373c9536811ed96", size = 4196631, upload-time = "2026-04-24T22:58:49.244Z" },
    { url = "https://files.pythonhosted.org/packages/9a/66/63a4654b2996158f33e88d74d79178a5812d94a7e0d6c94ec475115dff18/awscrt-0.32.2-cp311-abi3-musllinux_1_1_aarch64.whl", hash = "sha256:7ed7c209136650fe25659436bb4150e5af6eb43d71a0bf294f0bf414428736ee", size = 3818090, upload-time = "2026-04-24T22:58:50.657Z" },
    { url = "https://files.pythonhosted.org/packages/cd/26/b8fee227918465830a0bbba48f54ebf0a5029c3a7d11d4fa973838a79262/awscrt-0.32.2-cp311-abi3-musllinux_1_1_x86_64.whl", hash = "sha256:cfd437122d5a2ec7eb9fffaf2cd8b96543d4a0d7e906b9515b79672005a1607a", size = 4056453, upload-time = "2026-04-24T22:58:52.373Z" },
    { url = "https://files.pythonhosted.org/packages/e3/26/f5b9e9677bf90d1840d4db1513ba92e73601ef82e61a16e747a83493d35c/awscrt-0.32.2-cp311-abi3-win32.whl", hash = "sha256:5197d1e4e780d755632f79f8d32a09a30a9101cccb51ca1694fe25c711b2e801", size = 4066027, upload-time = "2026-04-24T22:58:53.752Z" },
    { url = "https://files.pythonhosted.org/packages/57/0b/fd1798551ecdc8a28d61ecdeda248f99faa3457f83aefa10ab797f466889/awscrt-0.32.2-cp311-abi3-win_amd64.whl", hash = "sha256:80420aa19c074a4c0335f2bd0e4aee3381fa452328d937795a1e0c779f0c052d", size = 4221984, upload-time = "2026-04-24T22:58:55.115Z" },
    { url = "https://files.pythonhosted.org/packages/7b/a3/075e29b39945f398adfb5d5ee4d533e00d37c0f5c68d79b250a1bdb087ba/awscrt-0.32.2-cp313-abi3-macosx_10_15_universal2.whl", hash = "sha256:d2f7aee3bce261ab1ceba1fac404de4d496aa866237161d4257cef92bff9d828", size = 3404901, upload-time = "2026-04-24T22:58:56.492Z" },
    { url = "https://files.pythonhosted.org/packages/e3/41/1c4783b32bf4ec7383156787570ea1221c95c037c2c0f11cbc9e9529ba48/awscrt-0.32.2-cp313-abi3-manylinux2014_aarch64.manylinux_2_17_aarch64.whl", hash = "sha256:ff0fff9c2b613d7fabc298b0fd81f0d7056353f3d20271a852a719c5b2f7ccf4", size = 3897627, upload-time = "2026-04-24T22:58:58.144Z" },
    { url = "https://files.pythonhosted.org/packages/af/2d/5736128847ff4a877d50720ea7a48d7e50a56b78741919e4b6ffabffb1ad/awscrt-0.32.2-cp313-abi3-manylinux2014_x86_64.manylinux_2_17_x86_64.whl", hash = "sha256:79bb11d5d1dfdcfd867aac4a026bee11afbd2154279e12b66588442d8c14bdf7", size = 4189579, upload-time = "2026-04-24T22:58:59.56Z" },
    { url = "https://files.pythonhosted.org/packages/90/f5/064b23d4c927e9b63725ee60c88edb75a1e8f5fd1e97d56d4d6a63fe954b/awscrt-0.32.2-cp313-abi3-musllinux_1_1_aarch64.whl", hash = "sha256:47330f421948207a122092042f235cf82d48fa145c446ff4db12cc8cd3a418b6", size = 3809647, upload-time = "2026-04-24T22:59:00.884Z" },
    { url = "https://files.pythonhosted.org/packages/f5/36/f14ea531cccb6ff85c4d50c9e79e61030675520a393b4af23685d24ea018/awscrt-0.32.2-cp313-abi3-musllinux_1_1_x86_64.whl", hash = "sha256:5ec4d8200eb0158b60e35fbb65faa96ef1eb7763f6ce1192827886ee24c6df99", size = 4051532, upload-time = "2026-04-24T22:59:02.593Z" },
    { url = "https://files.pythonhosted.org/packages/64/aa/b12e721c8148a1bbc58a22cbd204d88d0a6263331049d40c057f9dcd3e11/awscrt-0.32.2-cp313-abi3-win32.whl", hash = "sha256:a81f30a501d2eb6ba52c769cd6ecb3f7005512fba4a533211dc717e1115b0d94", size = 4062484, upload-time = "2026-04-24T22:59:04.251Z" },
    { url = "https://files.pythonhosted.org/packages/5c/26/9f5f23647465a4fe1b28afce334e54a4264e23b69365024c28955f0c4119/awscrt-0.32.2-cp313-abi3-win_amd64.whl", hash = "sha256:8d731edda20dce5afc15a04731d91136a31779a244672d1f0a292a8b04aa0fd3", size = 4220425, upload-time = "2026-04-24T22:59:05.627Z" },
    { url = "https://files.pythonhosted.org/packages/c7/09/51fca333d42b53ddb04881f53e3cc0f4462872ac81426fbb34f5d0b1d1fb/awscrt-0.32.2-cp314-cp314t-macosx_10_15_universal2.whl", hash = "sha256:7404cb551046bbe7cd454ea75f88b4a1b26f018d1b9bea83dbe46c174789d835", size = 3414716, upload-time = "2026-04-24T22:59:18.918Z" },
    { url = "https://files.pythonhosted.org/packages/39/3a/0ae52a8dfb0e3c37f0129232d79307c65e6ee1ea13a3cbdcf301aaad0a6a/awscrt-0.32.2-cp314-cp314t-manylinux2014_aarch64.manylinux_2_17_aarch64.whl", hash = "sha256:51d6132e9d70de40da07dfad5f17780a652dd4b351c35ca97c79d0fa0186d645", size = 4028980, upload-time = "2026-04-24T22:59:20.316Z" },
    { url = "https://files.pythonhosted.org/packages/2d/7f/7f52020bfcf29122cad77e936d82abaa1f6857a5a70453e8cc734119f0e2/awscrt-0.32.2-cp314-cp314t-manylinux2014_x86_64.manylinux_2_17_x86_64.whl", hash = "sha256:193cc3ecf03a1dd6f989853b6c21549a0a9750c855520fedc8c3c8fbcd32e1bc", size = 4312564, upload-time = "2026-04-24T22:59:21.851Z" },
    { url = "https://files.pythonhosted.org/packages/25/86/2c9b5479e08b8198459d2a781df5524e45d4d0f9c6329bad26979a4d1e85/awscrt-0.32.2-cp314-cp314t-win32.whl", hash = "sha256:25c7e7e6535cb2d2a4d22fd6264f621672d3903491318364dbc59066b63c7186", size = 4195784, upload-time = "2026-04-24T22:59:23.769Z" },
    { url = "https://files.pythonhosted.org/packages/ab/85/a12515514de8969b9e7fa40bb782501a336a8a985cc3093309120a80b627/awscrt-0.32.2-cp314-cp314t-win_amd64.whl", hash = "sha256:a6782c19a00f354c7b232b675f09cde94d1ca37bcf29009b8779b3f6395b27b4", size = 4366435, upload-time = "2026-04-24T22:59:25.53Z" },
]

[[package]]
name = "colorama"
version = "0.4.6"
source = { registry = "https://pypi.org/simple" }
sdist = { url = "https://files.pythonhosted.org/packages/d8/53/6f443c9a4a8358a93a6792e2acffb9d9d5cb0a5cfd8802644b7b1c9a02e4/colorama-0.4.6.tar.gz", hash = "sha256:08695f5cb7ed6e0531a20572697297273c47b8cae5a63ffc6d6ed5c201be6e44", size = 27697, upload-time = "2022-10-25T02:36:22.414Z" }
wheels = [
    { url = "https://files.pythonhosted.org/packages/d1/d6/3965ed04c63042e047cb6a3e6ed1a63a35087b6a609aa3a15ed8ac56c221/colorama-0.4.6-py2.py3-none-any.whl", hash = "sha256:4f1d9991f5acc0ca119f9d443620b77f9d6b33703e51011c16baf57afb285fc6", size = 25335, upload-time = "2022-10-25T02:36:20.889Z" },
]

[[package]]
name = "distro"
version = "1.8.0"
source = { registry = "https://pypi.org/simple" }
sdist = { url = "https://files.pythonhosted.org/packages/4b/89/eaa3a3587ebf8bed93e45aa79be8c2af77d50790d15b53f6dfc85b57f398/distro-1.8.0.tar.gz", hash = "sha256:02e111d1dc6a50abb8eed6bf31c3e48ed8b0830d1ea2a1b78c61765c2513fdd8", size = 59428, upload-time = "2022-10-10T15:30:33.395Z" }
wheels = [
    { url = "https://files.pythonhosted.org/packages/f4/2c/c90a3adaf0ddb70afe193f5ebfb539612af57cffe677c3126be533df3098/distro-1.8.0-py3-none-any.whl", hash = "sha256:99522ca3e365cac527b44bde033f64c6945d90eb9f769703caaec52b09bbd3ff", size = 20315, upload-time = "2022-10-10T15:30:26.903Z" },
]

[[package]]
name = "docutils"
version = "0.19"
source = { registry = "https://pypi.org/simple" }
sdist = { url = "https://files.pythonhosted.org/packages/6b/5c/330ea8d383eb2ce973df34d1239b3b21e91cd8c865d21ff82902d952f91f/docutils-0.19.tar.gz", hash = "sha256:33995a6753c30b7f577febfc2c50411fec6aac7f7ffeb7c4cfe5991072dcf9e6", size = 2056383, upload-time = "2022-07-05T20:17:31.045Z" }
wheels = [
    { url = "https://files.pythonhosted.org/packages/93/69/e391bd51bc08ed9141ecd899a0ddb61ab6465309f1eb470905c0c8868081/docutils-0.19-py3-none-any.whl", hash = "sha256:5e1de4d849fee02c63b040a4a3fd567f4ab104defd8a5511fbbc24a8a017efbc", size = 570472, upload-time = "2022-07-05T20:17:26.388Z" },
]

[[package]]
name = "jmespath"
version = "1.0.1"
source = { registry = "https://pypi.org/simple" }
sdist = { url = "https://files.pythonhosted.org/packages/00/2a/e867e8531cf3e36b41201936b7fa7ba7b5702dbef42922193f05c8976cd6/jmespath-1.0.1.tar.gz", hash = "sha256:90261b206d6defd58fdd5e85f478bf633a2901798906be2ad389150c5c60edbe", size = 25843, upload-time = "2022-06-17T18:00:12.224Z" }
wheels = [
    { url = "https://files.pythonhosted.org/packages/31/b4/b9b800c45527aadd64d5b442f9b932b00648617eb5d63d2c7a6587b7cafc/jmespath-1.0.1-py3-none-any.whl", hash = "sha256:02e2e4cc71b5bcab88332eebf907519190dd9e6e82107fa7f83b1003a6252980", size = 20256, upload-time = "2022-06-17T18:00:10.251Z" },
]

[[package]]
name = "prompt-toolkit"
version = "3.0.51"
source = { registry = "https://pypi.org/simple" }
dependencies = [
    { name = "wcwidth" },
]
sdist = { url = "https://files.pythonhosted.org/packages/bb/6e/9d084c929dfe9e3bfe0c6a47e31f78a25c54627d64a66e884a8bf5474f1c/prompt_toolkit-3.0.51.tar.gz", hash = "sha256:931a162e3b27fc90c86f1b48bb1fb2c528c2761475e57c9c06de13311c7b54ed", size = 428940, upload-time = "2025-04-15T09:18:47.731Z" }
wheels = [
    { url = "https://files.pythonhosted.org/packages/ce/4f/5249960887b1fbe561d9ff265496d170b55a735b76724f10ef19f9e40716/prompt_toolkit-3.0.51-py3-none-any.whl", hash = "sha256:52742911fde84e2d423e2f9a4cf1de7d7ac4e51958f648d9540e0fb8db077b07", size = 387810, upload-time = "2025-04-15T09:18:44.753Z" },
]

[[package]]
name = "python-dateutil"
version = "2.9.0"
source = { registry = "https://pypi.org/simple" }
dependencies = [
    { name = "six" },
]
sdist = { url = "https://files.pythonhosted.org/packages/d9/77/bd458a2e387e98f71de86dcc2ca2cab64489736004c80bc12b70da8b5488/python-dateutil-2.9.0.tar.gz", hash = "sha256:78e73e19c63f5b20ffa567001531680d939dc042bf7850431877645523c66709", size = 342990, upload-time = "2024-03-01T03:52:54.963Z" }
wheels = [
    { url = "https://files.pythonhosted.org/packages/13/7f/98d6f9ca8b731506c85785bbb8806c01f5966a4df6d68c0d1cf3b16967e1/python_dateutil-2.9.0-py2.py3-none-any.whl", hash = "sha256:cbf2f1da5e6083ac2fbfd4da39a25f34312230110440f424a14c7558bb85d82e", size = 230495, upload-time = "2024-03-01T03:52:51.479Z" },
]

[[package]]
name = "real-time-data-lakehouse"
version = "0.1.0"
source = { virtual = "." }
dependencies = [
    { name = "awscli" },
    { name = "ruff" },
]

[package.metadata]
requires-dist = [
    { name = "awscli", git = "https://github.com/aws/aws-cli?rev=v2" },
    { name = "ruff", specifier = ">=0.15.16" },
]

[[package]]
name = "ruamel-yaml"
version = "0.19.1"
source = { registry = "https://pypi.org/simple" }
sdist = { url = "https://files.pythonhosted.org/packages/c7/3b/ebda527b56beb90cb7652cb1c7e4f91f48649fbcd8d2eb2fb6e77cd3329b/ruamel_yaml-0.19.1.tar.gz", hash = "sha256:53eb66cd27849eff968ebf8f0bf61f46cdac2da1d1f3576dd4ccee9b25c31993", size = 142709, upload-time = "2026-01-02T16:50:31.84Z" }
wheels = [
    { url = "https://files.pythonhosted.org/packages/b8/0c/51f6841f1d84f404f92463fc2b1ba0da357ca1e3db6b7fbda26956c3b82a/ruamel_yaml-0.19.1-py3-none-any.whl", hash = "sha256:27592957fedf6e0b62f281e96effd28043345e0e66001f97683aa9a40c667c93", size = 118102, upload-time = "2026-01-02T16:50:29.201Z" },
]

[[package]]
name = "ruamel-yaml-clib"
version = "0.2.15"
source = { registry = "https://pypi.org/simple" }
sdist = { url = "https://files.pythonhosted.org/packages/ea/97/60fda20e2fb54b83a61ae14648b0817c8f5d84a3821e40bfbdae1437026a/ruamel_yaml_clib-0.2.15.tar.gz", hash = "sha256:46e4cc8c43ef6a94885f72512094e482114a8a706d3c555a34ed4b0d20200600", size = 225794, upload-time = "2025-11-16T16:12:59.761Z" }
wheels = [
    { url = "https://files.pythonhosted.org/packages/3e/bd/ab8459c8bb759c14a146990bf07f632c1cbec0910d4853feeee4be2ab8bb/ruamel_yaml_clib-0.2.15-cp314-cp314-macosx_10_15_x86_64.whl", hash = "sha256:753faf20b3a5906faf1fc50e4ddb8c074cb9b251e00b14c18b28492f933ac8ef", size = 147248, upload-time = "2025-11-16T16:13:42.872Z" },
    { url = "https://files.pythonhosted.org/packages/69/f2/c4cec0a30f1955510fde498aac451d2e52b24afdbcb00204d3a951b772c3/ruamel_yaml_clib-0.2.15-cp314-cp314-macosx_11_0_arm64.whl", hash = "sha256:480894aee0b29752560a9de46c0e5f84a82602f2bc5c6cde8db9a345319acfdf", size = 133764, upload-time = "2025-11-16T16:13:43.932Z" },
    { url = "https://files.pythonhosted.org/packages/82/c7/2480d062281385a2ea4f7cc9476712446e0c548cd74090bff92b4b49e898/ruamel_yaml_clib-0.2.15-cp314-cp314-manylinux1_i686.manylinux_2_28_i686.manylinux_2_5_i686.whl", hash = "sha256:4d3b58ab2454b4747442ac76fab66739c72b1e2bb9bd173d7694b9f9dbc9c000", size = 730537, upload-time = "2025-11-16T20:22:52.918Z" },
    { url = "https://files.pythonhosted.org/packages/75/08/e365ee305367559f57ba6179d836ecc3d31c7d3fdff2a40ebf6c32823a1f/ruamel_yaml_clib-0.2.15-cp314-cp314-manylinux2014_aarch64.manylinux_2_17_aarch64.manylinux_2_28_aarch64.whl", hash = "sha256:bfd309b316228acecfa30670c3887dcedf9b7a44ea39e2101e75d2654522acd4", size = 746944, upload-time = "2025-11-16T16:13:45.338Z" },
    { url = "https://files.pythonhosted.org/packages/a1/5c/8b56b08db91e569d0a4fbfa3e492ed2026081bdd7e892f63ba1c88a2f548/ruamel_yaml_clib-0.2.15-cp314-cp314-manylinux2014_x86_64.manylinux_2_17_x86_64.manylinux_2_28_x86_64.whl", hash = "sha256:2812ff359ec1f30129b62372e5f22a52936fac13d5d21e70373dbca5d64bb97c", size = 778249, upload-time = "2025-11-16T16:13:46.871Z" },
    { url = "https://files.pythonhosted.org/packages/6a/1d/70dbda370bd0e1a92942754c873bd28f513da6198127d1736fa98bb2a16f/ruamel_yaml_clib-0.2.15-cp314-cp314-musllinux_1_2_aarch64.whl", hash = "sha256:7e74ea87307303ba91073b63e67f2c667e93f05a8c63079ee5b7a5c8d0d7b043", size = 737140, upload-time = "2025-11-16T16:13:48.349Z" },
    { url = "https://files.pythonhosted.org/packages/5b/87/822d95874216922e1120afb9d3fafa795a18fdd0c444f5c4c382f6dac761/ruamel_yaml_clib-0.2.15-cp314-cp314-musllinux_1_2_i686.whl", hash = "sha256:713cd68af9dfbe0bb588e144a61aad8dcc00ef92a82d2e87183ca662d242f524", size = 741070, upload-time = "2025-11-16T20:22:54.151Z" },
    { url = "https://files.pythonhosted.org/packages/b9/17/4e01a602693b572149f92c983c1f25bd608df02c3f5cf50fd1f94e124a59/ruamel_yaml_clib-0.2.15-cp314-cp314-musllinux_1_2_x86_64.whl", hash = "sha256:542d77b72786a35563f97069b9379ce762944e67055bea293480f7734b2c7e5e", size = 765882, upload-time = "2025-11-16T16:13:49.526Z" },
    { url = "https://files.pythonhosted.org/packages/9f/17/7999399081d39ebb79e807314de6b611e1d1374458924eb2a489c01fc5ad/ruamel_yaml_clib-0.2.15-cp314-cp314-win32.whl", hash = "sha256:424ead8cef3939d690c4b5c85ef5b52155a231ff8b252961b6516ed7cf05f6aa", size = 102567, upload-time = "2025-11-16T16:13:50.78Z" },
    { url = "https://files.pythonhosted.org/packages/d2/67/be582a7370fdc9e6846c5be4888a530dcadd055eef5b932e0e85c33c7d73/ruamel_yaml_clib-0.2.15-cp314-cp314-win_amd64.whl", hash = "sha256:ac9b8d5fa4bb7fd2917ab5027f60d4234345fd366fe39aa711d5dca090aa1467", size = 122847, upload-time = "2025-11-16T16:13:51.807Z" },
]

[[package]]
name = "ruff"
version = "0.15.16"
source = { registry = "https://pypi.org/simple" }
sdist = { url = "https://files.pythonhosted.org/packages/a6/bd/5f7ec371001337d8fa61701c186ff8b613ecac1651848c5950f4c4d5f2e9/ruff-0.15.16.tar.gz", hash = "sha256:d05e78d38c78caf020b03789e25106c93017db5a0cb6e2819885018c61343b78", size = 4714267, upload-time = "2026-06-04T16:33:09.974Z" }
wheels = [
    { url = "https://files.pythonhosted.org/packages/0c/42/53ef1c3953f157956db9bf7861e3bc50b9b887ce93300aa48cdba8336fe6/ruff-0.15.16-py3-none-linux_armv6l.whl", hash = "sha256:6ac3c0b3969cc6cf6b158c4e2f8f682acb58e7d700d8a44b65ecdc72d66ab0b2", size = 10709025, upload-time = "2026-06-04T16:32:51.935Z" },
    { url = "https://files.pythonhosted.org/packages/93/9a/a79159346f19134a956607754e57d8d128f7a4c00f4ad2f7514d224c172c/ruff-0.15.16-py3-none-macosx_10_12_x86_64.whl", hash = "sha256:197c207ed75ffba54a0dec23db4aa939a27a3053073e085e0042433cbdc58e4a", size = 11063550, upload-time = "2026-06-04T16:32:42.24Z" },
    { url = "https://files.pythonhosted.org/packages/bc/72/3ce2ac000a5299ec238e01f51397b3b653c93b077d9b1bfe8715bb895f20/ruff-0.15.16-py3-none-macosx_11_0_arm64.whl", hash = "sha256:3a39fec45ab316cc23e7558f23fea4a70403ddb5648ea9a4a3854a16973d0071", size = 10421345, upload-time = "2026-06-04T16:32:37.251Z" },
    { url = "https://files.pythonhosted.org/packages/b0/c2/cc7fad3ec9169373f5b6a18f1917b91080feec40c3f9658334a1d28e2f03/ruff-0.15.16-py3-none-manylinux_2_17_aarch64.manylinux2014_aarch64.whl", hash = "sha256:ba93191d79003116b95128c9d306e045200fdbd0bccb782b110f3cd1d4abc5cf", size = 10757217, upload-time = "2026-06-04T16:32:54.722Z" },
    { url = "https://files.pythonhosted.org/packages/69/d2/3474009eaa0a65b31fa7152a2fad5e2f050c640ceb1e6b02ee6922e94c82/ruff-0.15.16-py3-none-manylinux_2_17_armv7l.manylinux2014_armv7l.whl", hash = "sha256:c6ee4b90520630120ef032aa5cc10db483852dff950e78b1d717e2993a61ac8d", size = 10507035, upload-time = "2026-06-04T16:33:05.343Z" },
    { url = "https://files.pythonhosted.org/packages/ca/81/b7ae6ccbd11f0c8dc3d5d67fc4be9b57ff57ca86ba56152021378e1277f2/ruff-0.15.16-py3-none-manylinux_2_17_i686.manylinux2014_i686.whl", hash = "sha256:4e4215bc938bc3c8215c1472c1aa437e310fee20cd427335fec9d7e609563628", size = 11255291, upload-time = "2026-06-04T16:32:49.49Z" },
    { url = "https://files.pythonhosted.org/packages/d9/e1/46e526f1a7cc90857ce6ddf25fbb77eb6568651ac38d71b033af07076dd5/ruff-0.15.16-py3-none-manylinux_2_17_ppc64le.manylinux2014_ppc64le.whl", hash = "sha256:7c8d26be963b090f10e29abc8b3e74a2a321f6fa34e02424e30b5af89350ecbb", size = 12124922, upload-time = "2026-06-04T16:33:07.821Z" },
    { url = "https://files.pythonhosted.org/packages/1a/da/5c791b088b596b24d0deb967fa28ae02ad751a140c0b9ea81c5ab915d6c0/ruff-0.15.16-py3-none-manylinux_2_17_s390x.manylinux2014_s390x.whl", hash = "sha256:f198cf4123602a2280ed46c307bcbafe41758d6fee5b456b6b6058ca1514b3b4", size = 11332186, upload-time = "2026-06-04T16:33:02.971Z" },
    { url = "https://files.pythonhosted.org/packages/72/11/5da87abe20047c8962361473923ebb2f62b595250126aadfad8c20649c1e/ruff-0.15.16-py3-none-manylinux_2_17_x86_64.manylinux2014_x86_64.whl", hash = "sha256:bb27515fa6240fb586ae82b901a59e67d24acff86f2190b433dc542fe0435aeb", size = 11373541, upload-time = "2026-06-04T16:32:47.007Z" },
    { url = "https://files.pythonhosted.org/packages/fe/2a/8554754c23a854ae3fd6b507e36ad61ddb121e298c6d5d617dec94ed0f14/ruff-0.15.16-py3-none-manylinux_2_31_riscv64.whl", hash = "sha256:a267c46ba1593fc26b8eecbea050b39d40c0b6bb7781ee11c90a02cd10032951", size = 11353014, upload-time = "2026-06-04T16:32:34.795Z" },
    { url = "https://files.pythonhosted.org/packages/62/25/62ea41529ec89f742ea3fed9cb1059c72877ec7cf9b9e99ac9cf3294d1d9/ruff-0.15.16-py3-none-musllinux_1_2_aarch64.whl", hash = "sha256:528c68f39a91498a8d50e91ff5985df3d105782bab49cc378e73ac26bff083e8", size = 10737467, upload-time = "2026-06-04T16:32:26.348Z" },
    { url = "https://files.pythonhosted.org/packages/90/17/334d3ad9de4d40f9dd58fdd09e35ce64553bb501e2f19a839e2fb6be14fc/ruff-0.15.16-py3-none-musllinux_1_2_armv7l.whl", hash = "sha256:7ed55c58950df60589a9a7a5d2f8fa5f54ebd287163be805adfe6ee95a9de123", size = 10521910, upload-time = "2026-06-04T16:32:32.54Z" },
    { url = "https://files.pythonhosted.org/packages/4d/bd/3ac7c6ae77a885c1004b3dda2446ea401768d24f851c14b4ad4b24f6639c/ruff-0.15.16-py3-none-musllinux_1_2_i686.whl", hash = "sha256:d482feaf51512b50f9790ceb417a56a61dd1e9d9bf967662b9ed27c01b34f53a", size = 10979190, upload-time = "2026-06-04T16:32:57.492Z" },
    { url = "https://files.pythonhosted.org/packages/33/d7/609546e6a413c3f216fbf2a50c928f97c80939154f6a0503114094a86191/ruff-0.15.16-py3-none-musllinux_1_2_x86_64.whl", hash = "sha256:1e15bc8c94513dae2a40cc9ef07c94fdd4ecc9e29dabebeebe170f952322c9e3", size = 11477014, upload-time = "2026-06-04T16:32:44.687Z" },
    { url = "https://files.pythonhosted.org/packages/74/0d/f2cd247ad32633a5c36e97141a2c21b11c6279f7957bc2ff360b1e08fddd/ruff-0.15.16-py3-none-win32.whl", hash = "sha256:580378f7bd4aa25f72e74aa54948a9622f142b1e509521dd10902e886681cc1e", size = 10735541, upload-time = "2026-06-04T16:32:30.145Z" },
    { url = "https://files.pythonhosted.org/packages/8b/9e/02e845ef151b1dee585e55c4739f8e1734ae1d9f1221dff65761c162208b/ruff-0.15.16-py3-none-win_amd64.whl", hash = "sha256:408256017284eddf98fff77b29aa4fb30f586042d535b2d9befc6512f400aaec", size = 11843403, upload-time = "2026-06-04T16:32:39.76Z" },
    { url = "https://files.pythonhosted.org/packages/15/19/016553f86f207450aebebc2b2b5088d086b901cc8186c02ac4284db3bd88/ruff-0.15.16-py3-none-win_arm64.whl", hash = "sha256:8cd61783afb39638a7133ef0d2dfb1e91277593962f81b5a8423eb0b888a6121", size = 11134555, upload-time = "2026-06-04T16:33:00.136Z" },
]

[[package]]
name = "six"
version = "1.17.0"
source = { registry = "https://pypi.org/simple" }
sdist = { url = "https://files.pythonhosted.org/packages/94/e7/b2c673351809dca68a0e064b6af791aa332cf192da575fd474ed7d6f16a2/six-1.17.0.tar.gz", hash = "sha256:ff70335d468e7eb6ec65b95b99d3a2836546063f63acc5171de367e834932a81", size = 34031, upload-time = "2024-12-04T17:35:28.174Z" }
wheels = [
    { url = "https://files.pythonhosted.org/packages/b7/ce/149a00dd41f10bc29e5921b496af8b574d8413afcd5e30dfa0ed46c2cc5e/six-1.17.0-py2.py3-none-any.whl", hash = "sha256:4721f391ed90541fddacab5acf947aa0d3dc7d27b2e1e8eda2be8970586c3274", size = 11050, upload-time = "2024-12-04T17:35:26.475Z" },
]

[[package]]
name = "urllib3"
version = "2.6.3"
source = { registry = "https://pypi.org/simple" }
sdist = { url = "https://files.pythonhosted.org/packages/c7/24/5f1b3bdffd70275f6661c76461e25f024d5a38a46f04aaca912426a2b1d3/urllib3-2.6.3.tar.gz", hash = "sha256:1b62b6884944a57dbe321509ab94fd4d3b307075e0c2eae991ac71ee15ad38ed", size = 435556, upload-time = "2026-01-07T16:24:43.925Z" }
wheels = [
    { url = "https://files.pythonhosted.org/packages/39/08/aaaad47bc4e9dc8c725e68f9d04865dbcb2052843ff09c97b08904852d84/urllib3-2.6.3-py3-none-any.whl", hash = "sha256:bf272323e553dfb2e87d9bfd225ca7b0f467b919d7bbd355436d3fd37cb0acd4", size = 131584, upload-time = "2026-01-07T16:24:42.685Z" },
]

[[package]]
name = "wcwidth"
version = "0.2.14"
source = { registry = "https://pypi.org/simple" }
sdist = { url = "https://files.pythonhosted.org/packages/24/30/6b0809f4510673dc723187aeaf24c7f5459922d01e2f794277a3dfb90345/wcwidth-0.2.14.tar.gz", hash = "sha256:4d478375d31bc5395a3c55c40ccdf3354688364cd61c4f6adacaa9215d0b3605", size = 102293, upload-time = "2025-09-22T16:29:53.023Z" }
wheels = [
    { url = "https://files.pythonhosted.org/packages/af/b5/123f13c975e9f27ab9c0770f514345bd406d0e8d3b7a0723af9d43f710af/wcwidth-0.2.14-py2.py3-none-any.whl", hash = "sha256:a7bb560c8aee30f9957e5f9895805edd20602f2d7f720186dfd906e82b4982e1", size = 37286, upload-time = "2025-09-22T16:29:51.641Z" },
]
